{
    "name": "@sutext/socket",
    "version": "1.0.0",
    "lockfileVersion": 2,
    "requires": true,
    "packages": {
        "": {
            "name": "@sutext/socket",
            "version": "1.0.0",
            "license": "ISC",
            "dependencies": {
                "@sutext/emitter": "^1.0.3"
            }
        },
        "node_modules/@sutext/emitter": {
            "version": "1.0.3",
            "resolved": "https://registry.npmjs.org/@sutext/emitter/-/emitter-1.0.3.tgz",
            "integrity": "sha512-EBaHnGRbYJUwRMxESrGXzvMOmRej2rIruUR+0Y7lRjlWAir/HVjlhpz/u4hxSjAUgJH+Z1Gzon6tXpHVR/Yuew=="
        }
    },
    "dependencies": {
        "@sutext/emitter": {
            "version": "1.0.3",
            "resolved": "https://registry.npmjs.org/@sutext/emitter/-/emitter-1.0.3.tgz",
            "integrity": "sha512-EBaHnGRbYJUwRMxESrGXzvMOmRej2rIruUR+0Y7lRjlWAir/HVjlhpz/u4hxSjAUgJH+Z1Gzon6tXpHVR/Yuew=="
        }
    }
}
